{
  "lockfileVersion": 1,
  "configVersion": 1,
  "workspaces": {
    "": {
      "devDependencies": {
        "@webgpu/types": "^0.1.70",
      },
    },
  },
  "packages": {
    "@webgpu/types": ["@webgpu/types@0.1.70", "", {}, "sha512-LFiNHHKMvmAEvwVew3JLJmTdShhbdwRFSImUshGhE2mGE8ybQzIo63l5uRp+YKnNx+8Qno8Kf6gN+DKMreIJCA=="],
  }
}
